{
  "nodes": {
    "nixpkgs": {
      "locked": {
        "lastModified": 1756886854,
        "narHash": "sha256-6tooT142NLcFjt24Gi4B0G1pgWLvfw7y93sYEfSHlLI=",
        "owner": "NixOS",
        "repo": "nixpkgs",
        "rev": "0e6684e6c5755325f801bda1751a8a4038145d7d",
        "type": "github"
      },
      "original": {
        "owner": "NixOS",
        "ref": "nixos-25.05",
        "repo": "nixpkgs",
        "type": "github"
      }
    },
    "nixpkgs-torch": {
      "locked": {
        "lastModified": 1681164772,
        "narHash": "sha256-WZzkazgzxwxJ5LYwj1bNToDJ0Uob5NBKl293FK4au1E=",
        "owner": "NixOS",
        "repo": "nixpkgs",
        "rev": "0da597302cd18b88e9f6f8242a2c9dc6fa9891a5",
        "type": "github"
      },
      "original": {
        "owner": "NixOS",
        "repo": "nixpkgs",
        "rev": "0da597302cd18b88e9f6f8242a2c9dc6fa9891a5",
        "type": "github"
      }
    },
    "nixpkgs-torchvision": {
      "locked": {
        "lastModified": 1682369523,
        "narHash": "sha256-gRgI2Bftoy4/m9fldGkVXbruHk6OWYliGQaCfBQ3LXI=",
        "owner": "NixOS",
        "repo": "nixpkgs",
        "rev": "b82dbe2fdc61a78f9eb931170bfea09fa824888d",
        "type": "github"
      },
      "original": {
        "owner": "NixOS",
        "repo": "nixpkgs",
        "rev": "b82dbe2fdc61a78f9eb931170bfea09fa824888d",
        "type": "github"
      }
    },
    "root": {
      "inputs": {
        "nixpkgs": "nixpkgs",
        "nixpkgs-torch": "nixpkgs-torch",
        "nixpkgs-torchvision": "nixpkgs-torchvision"
      }
    }
  },
  "root": "root",
  "version": 7
}
